
Microsoft Visual Studio Solution File, Format Version 12.00
# Visual Studio Version 16
VisualStudioVersion = 16.0.30011.22
MinimumVisualStudioVersion = 10.0.40219.1
Project("{FAE04EC0-301F-11D3-BF4B-00C04F79EFBC}") = "Unit1", "Unit1\Unit1.csproj", "{568B457F-A571-4A4A-8610-0576DD73E54B}"
EndProject
Project("{FAE04EC0-301F-11D3-BF4B-00C04F79EFBC}") = "Unit3", "Unit2\Unit3.csproj", "{8DAD4C09-D7E8-4EF3-BD0F-6CE5CB056047}"
EndProject
Project("{FAE04EC0-301F-11D3-BF4B-00C04F79EFBC}") = "局域网IP扫描实验", "局域网IP扫描实验\局域网IP扫描实验.csproj", "{98FF6213-1A32-4C01-AE17-82FAC21468F3}"
EndProject
Project("{FAE04EC0-301F-11D3-BF4B-00C04F79EFBC}") = "WcfService", "Unit8\WcfService\WcfService.csproj", "{30051024-614E-4C9A-BB6A-9B802C9697E2}"
EndProject
Project("{2150E333-8FDC-42A3-9474-1A3956D46DE8}") = "Unit8", "Unit8", "{A83C308F-869D-488F-A657-4CC640FD1553}"
EndProject
Project("{FAE04EC0-301F-11D3-BF4B-00C04F79EFBC}") = "Client", "Unit7\Client\Client.csproj", "{BA9D4416-5206-4974-9E20-88616055716C}"
EndProject
Project("{2150E333-8FDC-42A3-9474-1A3956D46DE8}") = "Unit7", "Unit7", "{D17526DB-E7C9-4BD6-8CAA-5D2A9BB0E750}"
EndProject
Project("{FAE04EC0-301F-11D3-BF4B-00C04F79EFBC}") = "WcfService1", "Unit7\WcfService1\WcfService1.csproj", "{CD892D6D-25F8-4AB6-A62E-3234D0BF1C1F}"
EndProject
Project("{FAE04EC0-301F-11D3-BF4B-00C04F79EFBC}") = "Client", "Unit8\Client\Client.csproj", "{3F6D07CD-D19A-4532-9E9D-66A629ACBCF8}"
	ProjectSection(ProjectDependencies) = postProject
		{30051024-614E-4C9A-BB6A-9B802C9697E2} = {30051024-614E-4C9A-BB6A-9B802C9697E2}
	EndProjectSection
EndProject
Global
	GlobalSection(SolutionConfigurationPlatforms) = preSolution
		Debug|Any CPU = Debug|Any CPU
		Release|Any CPU = Release|Any CPU
	EndGlobalSection
	GlobalSection(ProjectConfigurationPlatforms) = postSolution
		{568B457F-A571-4A4A-8610-0576DD73E54B}.Debug|Any CPU.ActiveCfg = Debug|Any CPU
		{568B457F-A571-4A4A-8610-0576DD73E54B}.Debug|Any CPU.Build.0 = Debug|Any CPU
		{568B457F-A571-4A4A-8610-0576DD73E54B}.Release|Any CPU.ActiveCfg = Release|Any CPU
		{568B457F-A571-4A4A-8610-0576DD73E54B}.Release|Any CPU.Build.0 = Release|Any CPU
		{8DAD4C09-D7E8-4EF3-BD0F-6CE5CB056047}.Debug|Any CPU.ActiveCfg = Debug|Any CPU
		{8DAD4C09-D7E8-4EF3-BD0F-6CE5CB056047}.Debug|Any CPU.Build.0 = Debug|Any CPU
		{8DAD4C09-D7E8-4EF3-BD0F-6CE5CB056047}.Release|Any CPU.ActiveCfg = Release|Any CPU
		{8DAD4C09-D7E8-4EF3-BD0F-6CE5CB056047}.Release|Any CPU.Build.0 = Release|Any CPU
		{98FF6213-1A32-4C01-AE17-82FAC21468F3}.Debug|Any CPU.ActiveCfg = Debug|Any CPU
		{98FF6213-1A32-4C01-AE17-82FAC21468F3}.Debug|Any CPU.Build.0 = Debug|Any CPU
		{98FF6213-1A32-4C01-AE17-82FAC21468F3}.Release|Any CPU.ActiveCfg = Release|Any CPU
		{98FF6213-1A32-4C01-AE17-82FAC21468F3}.Release|Any CPU.Build.0 = Release|Any CPU
		{30051024-614E-4C9A-BB6A-9B802C9697E2}.Debug|Any CPU.ActiveCfg = Debug|Any CPU
		{30051024-614E-4C9A-BB6A-9B802C9697E2}.Debug|Any CPU.Build.0 = Debug|Any CPU
		{30051024-614E-4C9A-BB6A-9B802C9697E2}.Release|Any CPU.ActiveCfg = Release|Any CPU
		{30051024-614E-4C9A-BB6A-9B802C9697E2}.Release|Any CPU.Build.0 = Release|Any CPU
		{BA9D4416-5206-4974-9E20-88616055716C}.Debug|Any CPU.ActiveCfg = Debug|Any CPU
		{BA9D4416-5206-4974-9E20-88616055716C}.Debug|Any CPU.Build.0 = Debug|Any CPU
		{BA9D4416-5206-4974-9E20-88616055716C}.Release|Any CPU.ActiveCfg = Release|Any CPU
		{BA9D4416-5206-4974-9E20-88616055716C}.Release|Any CPU.Build.0 = Release|Any CPU
		{CD892D6D-25F8-4AB6-A62E-3234D0BF1C1F}.Debug|Any CPU.ActiveCfg = Debug|Any CPU
		{CD892D6D-25F8-4AB6-A62E-3234D0BF1C1F}.Debug|Any CPU.Build.0 = Debug|Any CPU
		{CD892D6D-25F8-4AB6-A62E-3234D0BF1C1F}.Release|Any CPU.ActiveCfg = Release|Any CPU
		{CD892D6D-25F8-4AB6-A62E-3234D0BF1C1F}.Release|Any CPU.Build.0 = Release|Any CPU
		{3F6D07CD-D19A-4532-9E9D-66A629ACBCF8}.Debug|Any CPU.ActiveCfg = Debug|Any CPU
		{3F6D07CD-D19A-4532-9E9D-66A629ACBCF8}.Debug|Any CPU.Build.0 = Debug|Any CPU
		{3F6D07CD-D19A-4532-9E9D-66A629ACBCF8}.Release|Any CPU.ActiveCfg = Release|Any CPU
		{3F6D07CD-D19A-4532-9E9D-66A629ACBCF8}.Release|Any CPU.Build.0 = Release|Any CPU
	EndGlobalSection
	GlobalSection(SolutionProperties) = preSolution
		HideSolutionNode = FALSE
	EndGlobalSection
	GlobalSection(NestedProjects) = preSolution
		{30051024-614E-4C9A-BB6A-9B802C9697E2} = {A83C308F-869D-488F-A657-4CC640FD1553}
		{BA9D4416-5206-4974-9E20-88616055716C} = {D17526DB-E7C9-4BD6-8CAA-5D2A9BB0E750}
		{CD892D6D-25F8-4AB6-A62E-3234D0BF1C1F} = {D17526DB-E7C9-4BD6-8CAA-5D2A9BB0E750}
		{3F6D07CD-D19A-4532-9E9D-66A629ACBCF8} = {A83C308F-869D-488F-A657-4CC640FD1553}
	EndGlobalSection
	GlobalSection(ExtensibilityGlobals) = postSolution
		SolutionGuid = {C43D01B3-B305-4AE8-B9AC-7505B5A6277A}
	EndGlobalSection
EndGlobal
